
Microsoft Visual Studio Solution File, Format Version 12.00
# Visual Studio Version 16
VisualStudioVersion = 16.0.29418.71
MinimumVisualStudioVersion = 10.0.40219.1
Project("{FAE04EC0-301F-11D3-BF4B-00C04F79EFBC}") = "GitHubTest_1", "GitHubTest_1\GitHubTest_1.csproj", "{45F0FB4C-190B-4AFF-AE9F-14E767BDC8BD}"
EndProject
Global
	GlobalSection(SolutionConfigurationPlatforms) = preSolution
		Debug|Any CPU = Debug|Any CPU
		Release|Any CPU = Release|Any CPU
	EndGlobalSection
	GlobalSection(ProjectConfigurationPlatforms) = postSolution
		{45F0FB4C-190B-4AFF-AE9F-14E767BDC8BD}.Debug|Any CPU.ActiveCfg = Debug|Any CPU
		{45F0FB4C-190B-4AFF-AE9F-14E767BDC8BD}.Debug|Any CPU.Build.0 = Debug|Any CPU
		{45F0FB4C-190B-4AFF-AE9F-14E767BDC8BD}.Release|Any CPU.ActiveCfg = Release|Any CPU
		{45F0FB4C-190B-4AFF-AE9F-14E767BDC8BD}.Release|Any CPU.Build.0 = Release|Any CPU
	EndGlobalSection
	GlobalSection(SolutionProperties) = preSolution
		HideSolutionNode = FALSE
	EndGlobalSection
	GlobalSection(ExtensibilityGlobals) = postSolution
		SolutionGuid = {A1CE31D2-67E1-4F6C-8ACE-19EBDEFC6151}
	EndGlobalSection
EndGlobal
